Microsoft Visual Studio Solution File, Format Version 12.00
# Visual Studio Version 17
VisualStudioVersion = 17.5.2.0
MinimumVisualStudioVersion = 10.0.40219.1
Project("{FAE04EC0-301F-11D3-BF4B-00C04F79EFBC}") = "2025-09-17-mvc", "2025-09-17-mvc.csproj", "{4AC47BE4-5004-8FCE-8A56-AA2B6B30E79C}"
EndProject
Global
	GlobalSection(SolutionConfigurationPlatforms) = preSolution
		Debug|Any CPU = Debug|Any CPU
		Release|Any CPU = Release|Any CPU
	EndGlobalSection
	GlobalSection(ProjectConfigurationPlatforms) = postSolution
		{4AC47BE4-5004-8FCE-8A56-AA2B6B30E79C}.Debug|Any CPU.ActiveCfg = Debug|Any CPU
		{4AC47BE4-5004-8FCE-8A56-AA2B6B30E79C}.Debug|Any CPU.Build.0 = Debug|Any CPU
		{4AC47BE4-5004-8FCE-8A56-AA2B6B30E79C}.Release|Any CPU.ActiveCfg = Release|Any CPU
		{4AC47BE4-5004-8FCE-8A56-AA2B6B30E79C}.Release|Any CPU.Build.0 = Release|Any CPU
	EndGlobalSection
	GlobalSection(SolutionProperties) = preSolution
		HideSolutionNode = FALSE
	EndGlobalSection
	GlobalSection(ExtensibilityGlobals) = postSolution
		SolutionGuid = {A1119EAF-8617-490E-AE5B-40FA45E1EF83}
	EndGlobalSection
EndGlobal
